
Microsoft Visual Studio Solution File, Format Version 12.00
# Visual Studio 15
VisualStudioVersion = 15.0.26228.9
MinimumVisualStudioVersion = 10.0.40219.1
Project("{FAE04EC0-301F-11D3-BF4B-00C04F79EFBC}") = "ATM Online", "ATM Online\ATM Online.csproj", "{5BC2C8F0-E593-45FE-A5E0-0A64727CB706}"
EndProject
Project("{FAE04EC0-301F-11D3-BF4B-00C04F79EFBC}") = "ATM Online.Tests", "ATM Online.Tests\ATM Online.Tests.csproj", "{EF3B0928-F43B-4F99-9976-FF6034B6D1C3}"
EndProject
Global
	GlobalSection(SolutionConfigurationPlatforms) = preSolution
		Debug|Any CPU = Debug|Any CPU
		Release|Any CPU = Release|Any CPU
	EndGlobalSection
	GlobalSection(ProjectConfigurationPlatforms) = postSolution
		{5BC2C8F0-E593-45FE-A5E0-0A64727CB706}.Debug|Any CPU.ActiveCfg = Debug|Any CPU
		{5BC2C8F0-E593-45FE-A5E0-0A64727CB706}.Debug|Any CPU.Build.0 = Debug|Any CPU
		{5BC2C8F0-E593-45FE-A5E0-0A64727CB706}.Release|Any CPU.ActiveCfg = Release|Any CPU
		{5BC2C8F0-E593-45FE-A5E0-0A64727CB706}.Release|Any CPU.Build.0 = Release|Any CPU
		{EF3B0928-F43B-4F99-9976-FF6034B6D1C3}.Debug|Any CPU.ActiveCfg = Debug|Any CPU
		{EF3B0928-F43B-4F99-9976-FF6034B6D1C3}.Debug|Any CPU.Build.0 = Debug|Any CPU
		{EF3B0928-F43B-4F99-9976-FF6034B6D1C3}.Release|Any CPU.ActiveCfg = Release|Any CPU
		{EF3B0928-F43B-4F99-9976-FF6034B6D1C3}.Release|Any CPU.Build.0 = Release|Any CPU
	EndGlobalSection
	GlobalSection(SolutionProperties) = preSolution
		HideSolutionNode = FALSE
	EndGlobalSection
EndGlobal
